{
  "version": 1,
  "dependencies": {
    "net10.0-windows10.0.19041": {
      "Microsoft.NET.ILLink.Tasks": {
        "type": "Direct",
        "requested": "[10.0.9, )",
        "resolved": "10.0.9",
        "contentHash": "4Iw41e2h7I4t70SJcX2GCmbyKJIlA273Cfm9RJMM050/3VBejGAG1KcthP5Z2L6SQcbfbf6BhNWO26+ZG+GzMg=="
      },
      "Microsoft.Windows.SDK.BuildTools": {
        "type": "Direct",
        "requested": "[10.0.28000.2270, )",
        "resolved": "10.0.28000.2270",
        "contentHash": "a7xlGBRfSyXQrjnzFMDd0FCOvyv9mA/oX0FNt4A5hAVvVy6w62NBxygDC/LHM1205dXH9Pv4u0D+Qr77GH8e4Q=="
      },
      "Microsoft.WindowsAppSDK": {
        "type": "Direct",
        "requested": "[1.8.260529003, )",
        "resolved": "1.8.260529003",
        "contentHash": "KdHP8LqgzpYlPdXtUQUeqkvihgmiZ9M2XoG7n53m91H9zx3GvW7lSqPJmuYnlnIU41m1+ZNcjoxqXdQh5HdEJg==",
        "dependencies": {
          "Microsoft.WindowsAppSDK.AI": "[1.8.76]",
          "Microsoft.WindowsAppSDK.Base": "[1.8.251216001]",
          "Microsoft.WindowsAppSDK.DWrite": "[1.8.25122902]",
          "Microsoft.WindowsAppSDK.Foundation": "[1.8.260527000]",
          "Microsoft.WindowsAppSDK.InteractiveExperiences": "[1.8.260525001]",
          "Microsoft.WindowsAppSDK.ML": "[1.8.2197]",
          "Microsoft.WindowsAppSDK.Runtime": "[1.8.260529003]",
          "Microsoft.WindowsAppSDK.Widgets": "[1.8.251231004]",
          "Microsoft.WindowsAppSDK.WinUI": "[1.8.260528001]"
        }
      },
      "Microsoft.Web.WebView2": {
        "type": "Transitive",
        "resolved": "1.0.3179.45",
        "contentHash": "3pokSH5CnN0G6rGhGFo1y87inxYhNxBQ2Vdf0wlvBj99KHxQJormjDACmqRnFeUsmuNFIhWwfAL1ztq7wD5qRA=="
      },
      "Microsoft.Windows.SDK.BuildTools.MSIX": {
        "type": "Transitive",
        "resolved": "1.7.20250829.1",
        "contentHash": "IMdvRmCIZnBS5GkYnv0po1bcx6U1OF39pqA4TphQ9evDzpCRoSE19/PkDvlUNNrBavTsLIEJgd/TAIFner75ow=="
      },
      "Microsoft.WindowsAppSDK.AI": {
        "type": "Transitive",
        "resolved": "1.8.76",
        "contentHash": "Ayn9QybcwzH+c8eQlE7dm2oO3Jrcn2uohLcsHJpCbLOAfcisjzwtSBe0oyulbaJ86R4eDSX3RDS25tsjGpIqyQ==",
        "dependencies": {
          "Microsoft.WindowsAppSDK.Base": "1.8.251216001",
          "Microsoft.WindowsAppSDK.Foundation": "1.8.260501000"
        }
      },
      "Microsoft.WindowsAppSDK.Base": {
        "type": "Transitive",
        "resolved": "1.8.251216001",
        "contentHash": "PS1wriuFknz3W2F2P/e6RvOTM35w89Lsj/f0QmUEPrJjKnc+jM0JLX1vfdytI14y1gNRUTm9uclwP0aH/SVU5w==",
        "dependencies": {
          "Microsoft.Windows.SDK.BuildTools": "10.0.26100.4654",
          "Microsoft.Windows.SDK.BuildTools.MSIX": "1.7.20250829.1"
        }
      },
      "Microsoft.WindowsAppSDK.DWrite": {
        "type": "Transitive",
        "resolved": "1.8.25122902",
        "contentHash": "zFNn07i7Cyz62Y8FnPQAyzeZK7ww3m9t42i9pzy4C04pNbyUDQ4fG7pB6VSh6n4EyFuYtuFQuDzt4mKmXFrkrg==",
        "dependencies": {
          "Microsoft.WindowsAppSDK.Base": "1.8.251216001"
        }
      },
      "Microsoft.WindowsAppSDK.Foundation": {
        "type": "Transitive",
        "resolved": "1.8.260527000",
        "contentHash": "zS6YwSkF+0z9Dr6iDoo/Rzh2bjt7DY3sQ0HNUrakcFwofW2DQJQPZj+36sx/An4Ms4X4EIah8QC318p2kfy/6Q==",
        "dependencies": {
          "Microsoft.WindowsAppSDK.Base": "1.8.251216001",
          "Microsoft.WindowsAppSDK.InteractiveExperiences": "1.8.260525001"
        }
      },
      "Microsoft.WindowsAppSDK.InteractiveExperiences": {
        "type": "Transitive",
        "resolved": "1.8.260525001",
        "contentHash": "dqURBXVIFFGje61D1T4rIgFl36Ch7SmAb88NVgObc3cwHDgjRUF0DfL5gK1TOZg3HYg/roTHqb0jSn/8FkCN8w==",
        "dependencies": {
          "Microsoft.WindowsAppSDK.Base": "1.8.251216001"
        }
      },
      "Microsoft.WindowsAppSDK.ML": {
        "type": "Transitive",
        "resolved": "1.8.2197",
        "contentHash": "6Bc1SOLd5HicY3GbF+zr76YBfH4iZOKeEGxTK/lHKAK2ExZTWavOADxB2CKSi/irF4dWSngUdRFopWPmckJ6fA==",
        "dependencies": {
          "Microsoft.WindowsAppSDK.Base": "1.8.251216001",
          "Microsoft.WindowsAppSDK.Foundation": "1.8.260505001",
          "System.Numerics.Tensors": "9.0.0"
        }
      },
      "Microsoft.WindowsAppSDK.Runtime": {
        "type": "Transitive",
        "resolved": "1.8.260529003",
        "contentHash": "VAVOtE30SaOlxBedxQe4x5adPWJtA1IyYMokWh8G+r71Ksbtr3tFvhErbaDAFGmNQEyUXhPKtIu6NFaHVFCorA==",
        "dependencies": {
          "Microsoft.WindowsAppSDK.Base": "1.8.251216001"
        }
      },
      "Microsoft.WindowsAppSDK.Widgets": {
        "type": "Transitive",
        "resolved": "1.8.251231004",
        "contentHash": "bIWqQYR8DCoB1SoPOMil5AtgtkTn438wJTdpsHgyO/6o7Eh7PMP5BzrR0KbDsFqy+4LhPWQ4vtwko5k93fECcA==",
        "dependencies": {
          "Microsoft.WindowsAppSDK.Base": "1.8.251216001"
        }
      },
      "Microsoft.WindowsAppSDK.WinUI": {
        "type": "Transitive",
        "resolved": "1.8.260528001",
        "contentHash": "E4Q2NhfpPrQsaOfYbnsnaw7Ryn7EqM7/xDQyrMoBgSGW8K6aPvhMvyxeqJ8UmwUDragvycFbPLLw9vM9/1yZpQ==",
        "dependencies": {
          "Microsoft.Web.WebView2": "1.0.3179.45",
          "Microsoft.WindowsAppSDK.Base": "1.8.251216001",
          "Microsoft.WindowsAppSDK.Foundation": "1.8.260527000",
          "Microsoft.WindowsAppSDK.InteractiveExperiences": "1.8.260525001"
        }
      },
      "System.Numerics.Tensors": {
        "type": "Transitive",
        "resolved": "9.0.0",
        "contentHash": "hyJB4UlpAi19Xr9AXzu2NuagKC4lPfHObNMEAA0HmqFz2rX7wKgzeYzO/jM/eBHDhnUGFFEjk5cOoJaxqg5J4A=="
      },
      "autodark.core": {
        "type": "Project"
      }
    },
    "net10.0-windows10.0.19041/win-arm64": {
      "Microsoft.Web.WebView2": {
        "type": "Transitive",
        "resolved": "1.0.3179.45",
        "contentHash": "3pokSH5CnN0G6rGhGFo1y87inxYhNxBQ2Vdf0wlvBj99KHxQJormjDACmqRnFeUsmuNFIhWwfAL1ztq7wD5qRA=="
      },
      "Microsoft.WindowsAppSDK.Foundation": {
        "type": "Transitive",
        "resolved": "1.8.260527000",
        "contentHash": "zS6YwSkF+0z9Dr6iDoo/Rzh2bjt7DY3sQ0HNUrakcFwofW2DQJQPZj+36sx/An4Ms4X4EIah8QC318p2kfy/6Q==",
        "dependencies": {
          "Microsoft.WindowsAppSDK.Base": "1.8.251216001",
          "Microsoft.WindowsAppSDK.InteractiveExperiences": "1.8.260525001"
        }
      }
    },
    "net10.0-windows10.0.19041/win-x64": {
      "Microsoft.Web.WebView2": {
        "type": "Transitive",
        "resolved": "1.0.3179.45",
        "contentHash": "3pokSH5CnN0G6rGhGFo1y87inxYhNxBQ2Vdf0wlvBj99KHxQJormjDACmqRnFeUsmuNFIhWwfAL1ztq7wD5qRA=="
      },
      "Microsoft.WindowsAppSDK.Foundation": {
        "type": "Transitive",
        "resolved": "1.8.260527000",
        "contentHash": "zS6YwSkF+0z9Dr6iDoo/Rzh2bjt7DY3sQ0HNUrakcFwofW2DQJQPZj+36sx/An4Ms4X4EIah8QC318p2kfy/6Q==",
        "dependencies": {
          "Microsoft.WindowsAppSDK.Base": "1.8.251216001",
          "Microsoft.WindowsAppSDK.InteractiveExperiences": "1.8.260525001"
        }
      }
    },
    "net10.0-windows10.0.19041/win-x86": {
      "Microsoft.Web.WebView2": {
        "type": "Transitive",
        "resolved": "1.0.3179.45",
        "contentHash": "3pokSH5CnN0G6rGhGFo1y87inxYhNxBQ2Vdf0wlvBj99KHxQJormjDACmqRnFeUsmuNFIhWwfAL1ztq7wD5qRA=="
      },
      "Microsoft.WindowsAppSDK.Foundation": {
        "type": "Transitive",
        "resolved": "1.8.260527000",
        "contentHash": "zS6YwSkF+0z9Dr6iDoo/Rzh2bjt7DY3sQ0HNUrakcFwofW2DQJQPZj+36sx/An4Ms4X4EIah8QC318p2kfy/6Q==",
        "dependencies": {
          "Microsoft.WindowsAppSDK.Base": "1.8.251216001",
          "Microsoft.WindowsAppSDK.InteractiveExperiences": "1.8.260525001"
        }
      }
    }
  }
}